
Microsoft Visual Studio Solution File, Format Version 12.00
# Visual Studio Version 16
VisualStudioVersion = 16.0.31410.357
MinimumVisualStudioVersion = 10.0.40219.1
Project("{FAE04EC0-301F-11D3-BF4B-00C04F79EFBC}") = "AdoNetDemo", "WindowsFormsApp1\AdoNetDemo.csproj", "{E81409A6-79FE-4D31-9C60-44374B570733}"
EndProject
Global
	GlobalSection(SolutionConfigurationPlatforms) = preSolution
		Debug|Any CPU = Debug|Any CPU
		Release|Any CPU = Release|Any CPU
	EndGlobalSection
	GlobalSection(ProjectConfigurationPlatforms) = postSolution
		{E81409A6-79FE-4D31-9C60-44374B570733}.Debug|Any CPU.ActiveCfg = Debug|Any CPU
		{E81409A6-79FE-4D31-9C60-44374B570733}.Debug|Any CPU.Build.0 = Debug|Any CPU
		{E81409A6-79FE-4D31-9C60-44374B570733}.Release|Any CPU.ActiveCfg = Release|Any CPU
		{E81409A6-79FE-4D31-9C60-44374B570733}.Release|Any CPU.Build.0 = Release|Any CPU
	EndGlobalSection
	GlobalSection(SolutionProperties) = preSolution
		HideSolutionNode = FALSE
	EndGlobalSection
	GlobalSection(ExtensibilityGlobals) = postSolution
		SolutionGuid = {8E10E7C1-CC2E-4697-B294-B75D9283848F}
	EndGlobalSection
EndGlobal
